{
  "version": 4,
  "terraform_version": "1.3.7",
  "serial": 247,
  "lineage": "52156c01-22d6-32e3-4ee2-8b8f45df8621",
  "outputs": {},
  "resources": [
    {
      "module": "module.ec2_module",
      "mode": "managed",
      "type": "aws_instance",
      "name": "ec2_h",
      "provider": "provider[\"registry.terraform.io/hashicorp/aws\"]",
      "instances": [
        {
          "schema_version": 1,
          "attributes": {
            "ami": "ami-0b5eea76982371e91",
            "arn": "arn:aws:ec2:us-east-1:546314735933:instance/i-049da61e7bbe28c7b",
            "associate_public_ip_address": true,
            "availability_zone": "us-east-1a",
            "capacity_reservation_specification": [
              {
                "capacity_reservation_preference": "open",
                "capacity_reservation_target": []
              }
            ],
            "cpu_core_count": 1,
            "cpu_threads_per_core": 1,
            "credit_specification": [
              {
                "cpu_credits": "standard"
              }
            ],
            "disable_api_stop": false,
            "disable_api_termination": false,
            "ebs_block_device": [],
            "ebs_optimized": false,
            "enclave_options": [
              {
                "enabled": false
              }
            ],
            "ephemeral_block_device": [],
            "get_password_data": false,
            "hibernation": false,
            "host_id": null,
            "host_resource_group_arn": null,
            "iam_instance_profile": "",
            "id": "i-049da61e7bbe28c7b",
            "instance_initiated_shutdown_behavior": "stop",
            "instance_state": "running",
            "instance_type": "t2.micro",
            "ipv6_address_count": 0,
            "ipv6_addresses": [],
            "key_name": "hari-key",
            "launch_template": [],
            "maintenance_options": [
              {
                "auto_recovery": "default"
              }
            ],
            "metadata_options": [
              {
                "http_endpoint": "enabled",
                "http_put_response_hop_limit": 1,
                "http_tokens": "optional",
                "instance_metadata_tags": "disabled"
              }
            ],
            "monitoring": false,
            "network_interface": [],
            "outpost_arn": "",
            "password_data": "",
            "placement_group": "",
            "placement_partition_number": null,
            "primary_network_interface_id": "eni-06609be43e302d7da",
            "private_dns": "ip-172-31-90-245.ec2.internal",
            "private_dns_name_options": [
              {
                "enable_resource_name_dns_a_record": false,
                "enable_resource_name_dns_aaaa_record": false,
                "hostname_type": "ip-name"
              }
            ],
            "private_ip": "172.31.90.245",
            "public_dns": "ec2-54-167-139-162.compute-1.amazonaws.com",
            "public_ip": "54.167.139.162",
            "root_block_device": [
              {
                "delete_on_termination": true,
                "device_name": "/dev/xvda",
                "encrypted": false,
                "iops": 100,
                "kms_key_id": "",
                "tags": {},
                "throughput": 0,
                "volume_id": "vol-00813e1dec7c4fdae",
                "volume_size": 8,
                "volume_type": "gp2"
              }
            ],
            "secondary_private_ips": [],
            "security_groups": [
              "dev-ecs-cluster-ec2-sg"
            ],
            "source_dest_check": true,
            "subnet_id": "subnet-05bbab0b6794be389",
            "tags": {
              "Name": "dev-ecs-cluster"
            },
            "tags_all": {
              "Name": "dev-ecs-cluster"
            },
            "tenancy": "default",
            "timeouts": null,
            "user_data": null,
            "user_data_base64": null,
            "user_data_replace_on_change": false,
            "volume_tags": null,
            "vpc_security_group_ids": [
              "sg-07e8db51d8ba5a25d"
            ]
          },
          "sensitive_attributes": [],
          "private": "eyJlMmJmYjczMC1lY2FhLTExZTYtOGY4OC0zNDM2M2JjN2M0YzAiOnsiY3JlYXRlIjo2MDAwMDAwMDAwMDAsImRlbGV0ZSI6MTIwMDAwMDAwMDAwMCwidXBkYXRlIjo2MDAwMDAwMDAwMDB9LCJzY2hlbWFfdmVyc2lvbiI6IjEifQ==",
          "dependencies": [
            "module.ec2_module.aws_key_pair.ec2-key",
            "module.ec2_module.aws_security_group.ecs_instance",
            "module.ec2_module.tls_private_key.this"
          ]
        }
      ]
    },
    {
      "module": "module.ec2_module",
      "mode": "managed",
      "type": "aws_key_pair",
      "name": "ec2-key",
      "provider": "provider[\"registry.terraform.io/hashicorp/aws\"]",
      "instances": [
        {
          "schema_version": 1,
          "attributes": {
            "arn": "arn:aws:ec2:us-east-1:546314735933:key-pair/hari-key",
            "fingerprint": "3c:bb:5b:b0:fb:ed:6b:88:2c:c2:4d:55:e4:ed:29:71",
            "id": "hari-key",
            "key_name": "hari-key",
            "key_name_prefix": "",
            "key_pair_id": "key-0e6004d5098d79cbe",
            "key_type": "rsa",
            "public_key": "ssh-rsa AAAAB3NzaC1yc2EAAAADAQABAAACAQCnMrMIKiHkkA3+1T268rILj+LTSyu2/uRlvvo7QoHsfX9YRE9lPpJeik6iOB2dw3Lav3FCgPfEvA8Y8jQc9s3608YYTZspPVAWtlcTObvNwZK9mbJleMNiBBwwwUALAtsXglJpp9w+eFujMKWWKeCyJK+3BdPuMRoIhv/GOAN++xJcwgFTfQyFBm9t0Lj/DGCaPmXd0Kzb2MXeVJV+7cPKx3DFjGFVEN+VtYiObIJ3x0YPS6S59Yt+0x3C/18wjXWw1wG950OyWx0ioUa3RO4pMSBmSqCe2erCsAINf3RRx/m99y8Wgz1xj+zbmbaUT0Vy1YEYQTb68n2cVz8ucG1eoBv6K2mlPcYAEviZ9pwZZRoLaBKnIgCd8o8inXe+q64ll/uUyWP6ilHIdWrqOE+gtEAPXhm/MltLN+XUKVsM/3wbpyEJVQKgJh6RnJVTp+6vs6zvLkw6OISuJN3U2GNptXvHA697DZBbOeTlBkSliBXghUyKnYsFZE9piytDGFE6i4ay+/LTThUowK5k/7S1631+vdXu/UPkKP/aY5+oPhvQcLolue2m+maT7EbY+nH3ivt3O6QhD6v94HmUuQ1gwl+6iObR/XJeczzZH6Rp53RxaA3BmG4MOV0k3GvTVx2Ed75y3Wr7W8mFJep+5HI7jojfK8q3OX53fhCE7A5kAQ==",
            "tags": null,
            "tags_all": {}
          },
          "sensitive_attributes": [],
          "private": "eyJzY2hlbWFfdmVyc2lvbiI6IjEifQ==",
          "dependencies": [
            "module.ec2_module.tls_private_key.this"
          ]
        }
      ]
    },
    {
      "module": "module.ec2_module",
      "mode": "managed",
      "type": "aws_security_group",
      "name": "ecs_instance",
      "provider": "provider[\"registry.terraform.io/hashicorp/aws\"]",
      "instances": [
        {
          "schema_version": 1,
          "attributes": {
            "arn": "arn:aws:ec2:us-east-1:546314735933:security-group/sg-07e8db51d8ba5a25d",
            "description": "dev-ecs-cluster-ec2-sg",
            "egress": [
              {
                "cidr_blocks": [
                  "0.0.0.0/0"
                ],
                "description": "",
                "from_port": 0,
                "ipv6_cidr_blocks": [],
                "prefix_list_ids": [],
                "protocol": "-1",
                "security_groups": [],
                "self": false,
                "to_port": 0
              }
            ],
            "id": "sg-07e8db51d8ba5a25d",
            "ingress": [
              {
                "cidr_blocks": [
                  "108.247.90.198/32"
                ],
                "description": "TCP/22 for VPC Range",
                "from_port": 22,
                "ipv6_cidr_blocks": [],
                "prefix_list_ids": [],
                "protocol": "tcp",
                "security_groups": [],
                "self": false,
                "to_port": 22
              },
              {
                "cidr_blocks": [
                  "108.247.90.198/32"
                ],
                "description": "TCP/8080 for spring",
                "from_port": 8080,
                "ipv6_cidr_blocks": [],
                "prefix_list_ids": [],
                "protocol": "tcp",
                "security_groups": [],
                "self": false,
                "to_port": 8080
              }
            ],
            "name": "dev-ecs-cluster-ec2-sg",
            "name_prefix": "",
            "owner_id": "546314735933",
            "revoke_rules_on_delete": false,
            "tags": {
              "Name": "dev-ecs-cluster-ec2-sg"
            },
            "tags_all": {
              "Name": "dev-ecs-cluster-ec2-sg"
            },
            "timeouts": null,
            "vpc_id": "vpc-088f2b66916273a8d"
          },
          "sensitive_attributes": [],
          "private": "eyJlMmJmYjczMC1lY2FhLTExZTYtOGY4OC0zNDM2M2JjN2M0YzAiOnsiY3JlYXRlIjo2MDAwMDAwMDAwMDAsImRlbGV0ZSI6OTAwMDAwMDAwMDAwfSwic2NoZW1hX3ZlcnNpb24iOiIxIn0="
        }
      ]
    },
    {
      "module": "module.ec2_module",
      "mode": "managed",
      "type": "aws_security_group_rule",
      "name": "Custom_TCP",
      "provider": "provider[\"registry.terraform.io/hashicorp/aws\"]",
      "instances": [
        {
          "schema_version": 2,
          "attributes": {
            "cidr_blocks": [
              "108.247.90.198/32"
            ],
            "description": "TCP/8080 for spring",
            "from_port": 8080,
            "id": "sgrule-3022785807",
            "ipv6_cidr_blocks": null,
            "prefix_list_ids": null,
            "protocol": "tcp",
            "security_group_id": "sg-07e8db51d8ba5a25d",
            "security_group_rule_id": "sgr-0c71ece719d7df801",
            "self": false,
            "source_security_group_id": null,
            "timeouts": null,
            "to_port": 8080,
            "type": "ingress"
          },
          "sensitive_attributes": [],
          "private": "eyJlMmJmYjczMC1lY2FhLTExZTYtOGY4OC0zNDM2M2JjN2M0YzAiOnsiY3JlYXRlIjozMDAwMDAwMDAwMDB9LCJzY2hlbWFfdmVyc2lvbiI6IjIifQ==",
          "dependencies": [
            "module.ec2_module.aws_security_group.ecs_instance"
          ]
        }
      ]
    },
    {
      "module": "module.ec2_module",
      "mode": "managed",
      "type": "aws_security_group_rule",
      "name": "ec2_egress",
      "provider": "provider[\"registry.terraform.io/hashicorp/aws\"]",
      "instances": [
        {
          "schema_version": 2,
          "attributes": {
            "cidr_blocks": [
              "0.0.0.0/0"
            ],
            "description": "",
            "from_port": 0,
            "id": "sgrule-18894516",
            "ipv6_cidr_blocks": null,
            "prefix_list_ids": null,
            "protocol": "-1",
            "security_group_id": "sg-07e8db51d8ba5a25d",
            "security_group_rule_id": "sgr-09497de5c248ae328",
            "self": false,
            "source_security_group_id": null,
            "timeouts": null,
            "to_port": 0,
            "type": "egress"
          },
          "sensitive_attributes": [],
          "private": "eyJlMmJmYjczMC1lY2FhLTExZTYtOGY4OC0zNDM2M2JjN2M0YzAiOnsiY3JlYXRlIjozMDAwMDAwMDAwMDB9LCJzY2hlbWFfdmVyc2lvbiI6IjIifQ==",
          "dependencies": [
            "module.ec2_module.aws_security_group.ecs_instance"
          ]
        }
      ]
    },
    {
      "module": "module.ec2_module",
      "mode": "managed",
      "type": "aws_security_group_rule",
      "name": "ssh",
      "provider": "provider[\"registry.terraform.io/hashicorp/aws\"]",
      "instances": [
        {
          "schema_version": 2,
          "attributes": {
            "cidr_blocks": [
              "108.247.90.198/32"
            ],
            "description": "TCP/22 for VPC Range",
            "from_port": 22,
            "id": "sgrule-2162037687",
            "ipv6_cidr_blocks": null,
            "prefix_list_ids": null,
            "protocol": "tcp",
            "security_group_id": "sg-07e8db51d8ba5a25d",
            "security_group_rule_id": "sgr-0160f9a96406ba2f0",
            "self": false,
            "source_security_group_id": null,
            "timeouts": null,
            "to_port": 22,
            "type": "ingress"
          },
          "sensitive_attributes": [],
          "private": "eyJlMmJmYjczMC1lY2FhLTExZTYtOGY4OC0zNDM2M2JjN2M0YzAiOnsiY3JlYXRlIjozMDAwMDAwMDAwMDB9LCJzY2hlbWFfdmVyc2lvbiI6IjIifQ==",
          "dependencies": [
            "module.ec2_module.aws_security_group.ecs_instance"
          ]
        }
      ]
    },
    {
      "module": "module.ec2_module",
      "mode": "managed",
      "type": "tls_private_key",
      "name": "this",
      "provider": "provider[\"registry.terraform.io/hashicorp/tls\"]",
      "instances": [
        {
          "schema_version": 1,
          "attributes": {
            "algorithm": "RSA",
            "ecdsa_curve": "P224",
            "id": "cd18f9eb6b08071a7f7e4e382391127065dd2ca1",
            "private_key_openssh": "-----BEGIN OPENSSH PRIVATE KEY-----\nb3BlbnNzaC1rZXktdjEAAAAABG5vbmUAAAAEbm9uZQAAAAAAAAABAAACFwAAAAdz\nc2gtcnNhAAAAAwEAAQAAAgEApzKzCCoh5JAN/tU9uvKyC4/i00srtv7kZb76O0KB\n7H1/WERPZT6SXopOojgdncNy2r9xQoD3xLwPGPI0HPbN+tPGGE2bKT1QFrZXEzm7\nzcGSvZmyZXjDYgQcMMFACwLbF4JSaafcPnhbozCllingsiSvtwXT7jEaCIb/xjgD\nfvsSXMIBU30MhQZvbdC4/wxgmj5l3dCs29jF3lSVfu3DysdwxYxhVRDflbWIjmyC\nd8dGD0ukufWLftMdwv9fMI11sNcBvedDslsdIqFGt0TuKTEgZkqgntnqwrACDX90\nUcf5vfcvFoM9cY/s25m2lE9FctWBGEE2+vJ9nFc/LnBtXqAb+itppT3GABL4mfac\nGWUaC2gSpyIAnfKPIp13vquuJZf7lMlj+opRyHVq6jhPoLRAD14ZvzJbSzfl1Clb\nDP98G6chCVUCoCYekZyVU6fur7Os7y5MOjiEriTd1NhjabV7xwOvew2QWznk5QZE\npYgV4IVMip2LBWRPaYsrQxhROouGsvvy004VKMCuZP+0tet9fr3V7v1D5Cj/2mOf\nqD4b0HC6Jbntpvpmk+xG2Ppx94r7dzukIQ+r/eB5lLkNYMJfuojm0f1yXnM82R+k\naed0cWgNwZhuDDldJNxr01cdhHe+ct1q+1vJhSXqfuRyO46I3yvKtzl+d34QhOwO\nZAEAAAc4JLRD+CS0Q/gAAAAHc3NoLXJzYQAAAgEApzKzCCoh5JAN/tU9uvKyC4/i\n00srtv7kZb76O0KB7H1/WERPZT6SXopOojgdncNy2r9xQoD3xLwPGPI0HPbN+tPG\nGE2bKT1QFrZXEzm7zcGSvZmyZXjDYgQcMMFACwLbF4JSaafcPnhbozCllingsiSv\ntwXT7jEaCIb/xjgDfvsSXMIBU30MhQZvbdC4/wxgmj5l3dCs29jF3lSVfu3Dysdw\nxYxhVRDflbWIjmyCd8dGD0ukufWLftMdwv9fMI11sNcBvedDslsdIqFGt0TuKTEg\nZkqgntnqwrACDX90Ucf5vfcvFoM9cY/s25m2lE9FctWBGEE2+vJ9nFc/LnBtXqAb\n+itppT3GABL4mfacGWUaC2gSpyIAnfKPIp13vquuJZf7lMlj+opRyHVq6jhPoLRA\nD14ZvzJbSzfl1ClbDP98G6chCVUCoCYekZyVU6fur7Os7y5MOjiEriTd1NhjabV7\nxwOvew2QWznk5QZEpYgV4IVMip2LBWRPaYsrQxhROouGsvvy004VKMCuZP+0tet9\nfr3V7v1D5Cj/2mOfqD4b0HC6Jbntpvpmk+xG2Ppx94r7dzukIQ+r/eB5lLkNYMJf\nuojm0f1yXnM82R+kaed0cWgNwZhuDDldJNxr01cdhHe+ct1q+1vJhSXqfuRyO46I\n3yvKtzl+d34QhOwOZAEAAAADAQABAAACAGsnKef0oI4L6HxGC27RdVvFlhfWGCkK\nSDQQ5euunveCImfeN4fqRwIB341FK23dQbGBecOmRaQ25fIV32IkpjO3H0CaE/Ol\nELvNlhaDLKIcCcArTVKMx6L8gViZsUKdTO5PHiQKaTM8DXaTibuoERH6Qwan3H/N\nxiJq6mcNpOfvXoBF8XWhMbHbQvR9DOKf+xU/Iie7Qd0Pmxf222xiUtWVZeelJQfQ\nbYpTsjWcwyyicHsC/ooTHJhmEq/S3B2QuzlfQgWDvjYDALQd6eUwbvXFPz9vWmsT\nu8mT5WzjHxf+ckbVsL7b0zgBhknixEleWGLVBAwYV3USjX/xxlMryFsQQl2N5R+u\nsI2LdEvAU1Ch1aAya7l+Kt1BoQzAYBKar/Bws7p5NxHJrUlYAepJDNcUhIPhiSw3\nCIumfaq4p7vBTHK7hNqLX5Nopd9N5B/tLW/YzblTZw8YH+ZQwiFZs85pl+TxxjYn\niTg9qo9N6XpL0MlFd+0Uyb3YXdHwTyW84h62cK582KWinKpFU5KCz17aaOT97Zsi\njrb4sVRI2aVniL2WII8j4+hgD7kaKQtsVRuG0yiOeY1wV4NeDDC5VjhDq/2o+7BK\nnh9jQvIqXWE5bNm6OtUr1/IjSwoJi624eDo+K828n5gU5sDu1CATdr8Gtf+EbhLn\nObXI+rfOBASxAAABAGZUYTepa4B/boEazt5P9IIeGcHixf0FQv4P8NUPezSC3Fip\nojDR7SmtEg6GSqvHIZOMzzNMR03HuUedVFhnrWlR474EhopafM2K8IGo/w1v+zH9\nGpv6NG14gSFuUT1hFaSXpDouugckbIczz10XGrrYg4FlBLj+kPykzzNnwPct8Iz7\nUHbrFy6ChJAiGYVZ5H63Ias9SCOzAcT6kCirvraREuOYsD11v/qBH3z4w/9ZlzZp\nFsamNcrJ7Lb4uqciGbhNM5FzkTXhkMPOIOxeWxvisaIV2mN4V/PvOnUC3HqyK5YU\nPPwnMauz2XCnI9hxWJECkfbRXGB8boN1nB+URvcAAAEBAMqt1AGjjPGrWZdkcp25\n9doUrMviq8umm2INMTOfAkNGkMtQMPy893pCvuQxCaV4Hn2W4ylFOMqtWEePggne\neAKRcKKqQNuBJvBHNV/+Kmw8Ud8kelvzOgduR51EFBjQnlnSp1QUV5JPy8paho4p\nfZ8v1nHactag8hwHorTL08+L1LvRsw5GRdmnVpF95YsR0ETIIq0nNsc8OD8VXRJA\nWG5VYuRQjMis/7RyDxUV1uUdyPpS7xhtGcphynvm5qWkhYIwIpcEZuzs9MyjR8GM\nhLXAySvXWY09CYrwIR1plmmmzuDFeUh+v/acubL8xudhFmYwYHPW6WuBjba0kPL8\nibUAAAEBANMvRfKPcVqUGYcOh5v73EKRKQvQPZd1C5abXpLw2SjrwKfnIgPzKf5e\nzcEdGCxaIbz7GbnJx+hfa/Z3iBry+gavlP7+PXTUgI201oYjKQ35qSI0lkn/gnLo\nkA7BrmQUOqPLUGAmQOEvKpAHUACsjyWLVOdjnqnEyavW9GW9tQxrGGNYl6srbmFk\nZhNidEl9aICDFCmVWfYtvo5fN39ap0/KGj9mbSV7KijTe4Wbk8jCUKMV8UYoTyzU\nnbGnelNEqo01QovyrzGQ81+HcD0j022amWxzp1AQtnLVQcplZ05NiFsKCrAkNg2K\nbbV+JHvT5H+BX5abzQp6XlGeAcFsMJ0AAAAAAQID\n-----END OPENSSH PRIVATE KEY-----\n",
            "private_key_pem": "-----BEGIN RSA PRIVATE KEY-----\nMIIJKAIBAAKCAgEApzKzCCoh5JAN/tU9uvKyC4/i00srtv7kZb76O0KB7H1/WERP\nZT6SXopOojgdncNy2r9xQoD3xLwPGPI0HPbN+tPGGE2bKT1QFrZXEzm7zcGSvZmy\nZXjDYgQcMMFACwLbF4JSaafcPnhbozCllingsiSvtwXT7jEaCIb/xjgDfvsSXMIB\nU30MhQZvbdC4/wxgmj5l3dCs29jF3lSVfu3DysdwxYxhVRDflbWIjmyCd8dGD0uk\nufWLftMdwv9fMI11sNcBvedDslsdIqFGt0TuKTEgZkqgntnqwrACDX90Ucf5vfcv\nFoM9cY/s25m2lE9FctWBGEE2+vJ9nFc/LnBtXqAb+itppT3GABL4mfacGWUaC2gS\npyIAnfKPIp13vquuJZf7lMlj+opRyHVq6jhPoLRAD14ZvzJbSzfl1ClbDP98G6ch\nCVUCoCYekZyVU6fur7Os7y5MOjiEriTd1NhjabV7xwOvew2QWznk5QZEpYgV4IVM\nip2LBWRPaYsrQxhROouGsvvy004VKMCuZP+0tet9fr3V7v1D5Cj/2mOfqD4b0HC6\nJbntpvpmk+xG2Ppx94r7dzukIQ+r/eB5lLkNYMJfuojm0f1yXnM82R+kaed0cWgN\nwZhuDDldJNxr01cdhHe+ct1q+1vJhSXqfuRyO46I3yvKtzl+d34QhOwOZAECAwEA\nAQKCAgBrJynn9KCOC+h8Rgtu0XVbxZYX1hgpCkg0EOXrrp73giJn3jeH6kcCAd+N\nRStt3UGxgXnDpkWkNuXyFd9iJKYztx9AmhPzpRC7zZYWgyyiHAnAK01SjMei/IFY\nmbFCnUzuTx4kCmkzPA12k4m7qBER+kMGp9x/zcYiaupnDaTn716ARfF1oTGx20L0\nfQzin/sVPyInu0HdD5sX9ttsYlLVlWXnpSUH0G2KU7I1nMMsonB7Av6KExyYZhKv\n0twdkLs5X0IFg742AwC0HenlMG71xT8/b1prE7vJk+Vs4x8X/nJG1bC+29M4AYZJ\n4sRJXlhi1QQMGFd1Eo1/8cZTK8hbEEJdjeUfrrCNi3RLwFNQodWgMmu5firdQaEM\nwGASmq/wcLO6eTcRya1JWAHqSQzXFISD4YksNwiLpn2quKe7wUxyu4Tai1+TaKXf\nTeQf7S1v2M25U2cPGB/mUMIhWbPOaZfk8cY2J4k4PaqPTel6S9DJRXftFMm92F3R\n8E8lvOIetnCufNilopyqRVOSgs9e2mjk/e2bIo62+LFUSNmlZ4i9liCPI+PoYA+5\nGikLbFUbhtMojnmNcFeDXgwwuVY4Q6v9qPuwSp4fY0LyKl1hOWzZujrVK9fyI0sK\nCYutuHg6PivNvJ+YFObA7tQgE3a/BrX/hG4S5zm1yPq3zgQEsQKCAQEAyq3UAaOM\n8atZl2Rynbn12hSsy+Kry6abYg0xM58CQ0aQy1Aw/Lz3ekK+5DEJpXgefZbjKUU4\nyq1YR4+CCd54ApFwoqpA24Em8Ec1X/4qbDxR3yR6W/M6B25HnUQUGNCeWdKnVBRX\nkk/LylqGjil9ny/Wcdpy1qDyHAeitMvTz4vUu9GzDkZF2adWkX3lixHQRMgirSc2\nxzw4PxVdEkBYblVi5FCMyKz/tHIPFRXW5R3I+lLvGG0ZymHKe+bmpaSFgjAilwRm\n7Oz0zKNHwYyEtcDJK9dZjT0JivAhHWmWaabO4MV5SH6/9py5svzG52EWZjBgc9bp\na4GNtrSQ8vyJtQKCAQEA0y9F8o9xWpQZhw6Hm/vcQpEpC9A9l3ULlptekvDZKOvA\np+ciA/Mp/l7NwR0YLFohvPsZucnH6F9r9neIGvL6Bq+U/v49dNSAjbTWhiMpDfmp\nIjSWSf+CcuiQDsGuZBQ6o8tQYCZA4S8qkAdQAKyPJYtU52OeqcTJq9b0Zb21DGsY\nY1iXqytuYWRmE2J0SX1ogIMUKZVZ9i2+jl83f1qnT8oaP2ZtJXsqKNN7hZuTyMJQ\noxXxRihPLNSdsad6U0SqjTVCi/KvMZDzX4dwPSPTbZqZbHOnUBC2ctVBymVnTk2I\nWwoKsCQ2DYpttX4ke9Pkf4FflpvNCnpeUZ4BwWwwnQKCAQEApRXjepZB5lLgfazG\nouxmcYSnnsZ5kj6Zj8sZCWf6Ctw+cixWSnaMyVv2ap36snndtAQj8Wi9snBxWJBu\npiU78TOP4B73BxPyqIIH2rGG0nRrZ2sp8x1xZb4QvOtHx1KduKIZwyVyku1GHAOS\nV9c5yGDJtiDtqx6bNfOONt9THllSJM3Qn87jdD6WB5nZT2ZqEqxFem5Xcv78/X0k\nOwqIPQ51p2xoz8gB23OQD2ejiymwmxzUPTwYZr0ylatksQUJ7hnRAtsGDvOPDePt\nPZx8OCLYeUpGWgGedTnUb0Wiy1mgZnrSqBb9uxy7MSwtwydUfFXpKlGh/PwgdvIq\nopDKhQKCAQAuNKKmPpI7kjm/ngM3srRvcBk993LyZ26Apj/cAIxS8rn1QpHjsVlX\nyWBVR0tZsOK+2WW4i5iMlAwoIeEKnGzt946u9+t0W2ZBGvbw5FKAN0a1MDJNwHTH\nNXEHeYLxbKej3MEaOGRroIk8eA0eCKNNQJ3z/ozhcif5zA8vD4HEVM5CNkkA74C4\nGGJpDVqKFcE+lO9dZcsIHNwbhGO9HpWK1JpHkt6Am+EOi67z/aUpALLp68wdYIZq\nNZ7HFvChtV1nheaofhGs050cIqMBDYyd53x4CRnrX6y7lUNOyD8BF9+ko57RCSs2\nbToxwoay/Rp6d1D1v+LtzvZB/0M9EbHVAoIBAGZUYTepa4B/boEazt5P9IIeGcHi\nxf0FQv4P8NUPezSC3FipojDR7SmtEg6GSqvHIZOMzzNMR03HuUedVFhnrWlR474E\nhopafM2K8IGo/w1v+zH9Gpv6NG14gSFuUT1hFaSXpDouugckbIczz10XGrrYg4Fl\nBLj+kPykzzNnwPct8Iz7UHbrFy6ChJAiGYVZ5H63Ias9SCOzAcT6kCirvraREuOY\nsD11v/qBH3z4w/9ZlzZpFsamNcrJ7Lb4uqciGbhNM5FzkTXhkMPOIOxeWxvisaIV\n2mN4V/PvOnUC3HqyK5YUPPwnMauz2XCnI9hxWJECkfbRXGB8boN1nB+URvc=\n-----END RSA PRIVATE KEY-----\n",
            "private_key_pem_pkcs8": "-----BEGIN PRIVATE KEY-----\nMIIJQgIBADANBgkqhkiG9w0BAQEFAASCCSwwggkoAgEAAoICAQCnMrMIKiHkkA3+\n1T268rILj+LTSyu2/uRlvvo7QoHsfX9YRE9lPpJeik6iOB2dw3Lav3FCgPfEvA8Y\n8jQc9s3608YYTZspPVAWtlcTObvNwZK9mbJleMNiBBwwwUALAtsXglJpp9w+eFuj\nMKWWKeCyJK+3BdPuMRoIhv/GOAN++xJcwgFTfQyFBm9t0Lj/DGCaPmXd0Kzb2MXe\nVJV+7cPKx3DFjGFVEN+VtYiObIJ3x0YPS6S59Yt+0x3C/18wjXWw1wG950OyWx0i\noUa3RO4pMSBmSqCe2erCsAINf3RRx/m99y8Wgz1xj+zbmbaUT0Vy1YEYQTb68n2c\nVz8ucG1eoBv6K2mlPcYAEviZ9pwZZRoLaBKnIgCd8o8inXe+q64ll/uUyWP6ilHI\ndWrqOE+gtEAPXhm/MltLN+XUKVsM/3wbpyEJVQKgJh6RnJVTp+6vs6zvLkw6OISu\nJN3U2GNptXvHA697DZBbOeTlBkSliBXghUyKnYsFZE9piytDGFE6i4ay+/LTThUo\nwK5k/7S1631+vdXu/UPkKP/aY5+oPhvQcLolue2m+maT7EbY+nH3ivt3O6QhD6v9\n4HmUuQ1gwl+6iObR/XJeczzZH6Rp53RxaA3BmG4MOV0k3GvTVx2Ed75y3Wr7W8mF\nJep+5HI7jojfK8q3OX53fhCE7A5kAQIDAQABAoICAGsnKef0oI4L6HxGC27RdVvF\nlhfWGCkKSDQQ5euunveCImfeN4fqRwIB341FK23dQbGBecOmRaQ25fIV32IkpjO3\nH0CaE/OlELvNlhaDLKIcCcArTVKMx6L8gViZsUKdTO5PHiQKaTM8DXaTibuoERH6\nQwan3H/NxiJq6mcNpOfvXoBF8XWhMbHbQvR9DOKf+xU/Iie7Qd0Pmxf222xiUtWV\nZeelJQfQbYpTsjWcwyyicHsC/ooTHJhmEq/S3B2QuzlfQgWDvjYDALQd6eUwbvXF\nPz9vWmsTu8mT5WzjHxf+ckbVsL7b0zgBhknixEleWGLVBAwYV3USjX/xxlMryFsQ\nQl2N5R+usI2LdEvAU1Ch1aAya7l+Kt1BoQzAYBKar/Bws7p5NxHJrUlYAepJDNcU\nhIPhiSw3CIumfaq4p7vBTHK7hNqLX5Nopd9N5B/tLW/YzblTZw8YH+ZQwiFZs85p\nl+TxxjYniTg9qo9N6XpL0MlFd+0Uyb3YXdHwTyW84h62cK582KWinKpFU5KCz17a\naOT97Zsijrb4sVRI2aVniL2WII8j4+hgD7kaKQtsVRuG0yiOeY1wV4NeDDC5VjhD\nq/2o+7BKnh9jQvIqXWE5bNm6OtUr1/IjSwoJi624eDo+K828n5gU5sDu1CATdr8G\ntf+EbhLnObXI+rfOBASxAoIBAQDKrdQBo4zxq1mXZHKdufXaFKzL4qvLpptiDTEz\nnwJDRpDLUDD8vPd6Qr7kMQmleB59luMpRTjKrVhHj4IJ3ngCkXCiqkDbgSbwRzVf\n/ipsPFHfJHpb8zoHbkedRBQY0J5Z0qdUFFeST8vKWoaOKX2fL9Zx2nLWoPIcB6K0\ny9PPi9S70bMORkXZp1aRfeWLEdBEyCKtJzbHPDg/FV0SQFhuVWLkUIzIrP+0cg8V\nFdblHcj6Uu8YbRnKYcp75ualpIWCMCKXBGbs7PTMo0fBjIS1wMkr11mNPQmK8CEd\naZZpps7gxXlIfr/2nLmy/MbnYRZmMGBz1ulrgY22tJDy/Im1AoIBAQDTL0Xyj3Fa\nlBmHDoeb+9xCkSkL0D2XdQuWm16S8Nko68Cn5yID8yn+Xs3BHRgsWiG8+xm5ycfo\nX2v2d4ga8voGr5T+/j101ICNtNaGIykN+akiNJZJ/4Jy6JAOwa5kFDqjy1BgJkDh\nLyqQB1AArI8li1TnY56pxMmr1vRlvbUMaxhjWJerK25hZGYTYnRJfWiAgxQplVn2\nLb6OXzd/WqdPyho/Zm0leyoo03uFm5PIwlCjFfFGKE8s1J2xp3pTRKqNNUKL8q8x\nkPNfh3A9I9Ntmplsc6dQELZy1UHKZWdOTYhbCgqwJDYNim21fiR70+R/gV+Wm80K\nel5RngHBbDCdAoIBAQClFeN6lkHmUuB9rMai7GZxhKeexnmSPpmPyxkJZ/oK3D5y\nLFZKdozJW/Zqnfqyed20BCPxaL2ycHFYkG6mJTvxM4/gHvcHE/KoggfasYbSdGtn\naynzHXFlvhC860fHUp24ohnDJXKS7UYcA5JX1znIYMm2IO2rHps1844231MeWVIk\nzdCfzuN0PpYHmdlPZmoSrEV6bldy/vz9fSQ7Cog9DnWnbGjPyAHbc5APZ6OLKbCb\nHNQ9PBhmvTKVq2SxBQnuGdEC2wYO848N4+09nHw4Ith5SkZaAZ51OdRvRaLLWaBm\netKoFv27HLsxLC3DJ1R8VekqUaH8/CB28iqikMqFAoIBAC40oqY+kjuSOb+eAzey\ntG9wGT33cvJnboCmP9wAjFLyufVCkeOxWVfJYFVHS1mw4r7ZZbiLmIyUDCgh4Qqc\nbO33jq7363RbZkEa9vDkUoA3RrUwMk3AdMc1cQd5gvFsp6PcwRo4ZGugiTx4DR4I\no01AnfP+jOFyJ/nMDy8PgcRUzkI2SQDvgLgYYmkNWooVwT6U711lywgc3BuEY70e\nlYrUmkeS3oCb4Q6LrvP9pSkAsunrzB1ghmo1nscW8KG1XWeF5qh+EazTnRwiowEN\njJ3nfHgJGetfrLuVQ07IPwEX36SjntEJKzZtOjHChrL9Gnp3UPW/4u3O9kH/Qz0R\nsdUCggEAZlRhN6lrgH9ugRrO3k/0gh4ZweLF/QVC/g/w1Q97NILcWKmiMNHtKa0S\nDoZKq8chk4zPM0xHTce5R51UWGetaVHjvgSGilp8zYrwgaj/DW/7Mf0am/o0bXiB\nIW5RPWEVpJekOi66ByRshzPPXRcautiDgWUEuP6Q/KTPM2fA9y3wjPtQdusXLoKE\nkCIZhVnkfrchqz1II7MBxPqQKKu+tpES45iwPXW/+oEffPjD/1mXNmkWxqY1ysns\ntvi6pyIZuE0zkXORNeGQw84g7F5bG+KxohXaY3hX8+86dQLcerIrlhQ8/Ccxq7PZ\ncKcj2HFYkQKR9tFcYHxug3WcH5RG9w==\n-----END PRIVATE KEY-----\n",
            "public_key_fingerprint_md5": "76:88:8b:36:dd:21:fa:1d:36:9c:ce:f2:a5:34:33:db",
            "public_key_fingerprint_sha256": "SHA256:jzwyUQexDNEGEqHyPHRIukwv1QZXVfL1KPby2r/sonk",
            "public_key_openssh": "ssh-rsa AAAAB3NzaC1yc2EAAAADAQABAAACAQCnMrMIKiHkkA3+1T268rILj+LTSyu2/uRlvvo7QoHsfX9YRE9lPpJeik6iOB2dw3Lav3FCgPfEvA8Y8jQc9s3608YYTZspPVAWtlcTObvNwZK9mbJleMNiBBwwwUALAtsXglJpp9w+eFujMKWWKeCyJK+3BdPuMRoIhv/GOAN++xJcwgFTfQyFBm9t0Lj/DGCaPmXd0Kzb2MXeVJV+7cPKx3DFjGFVEN+VtYiObIJ3x0YPS6S59Yt+0x3C/18wjXWw1wG950OyWx0ioUa3RO4pMSBmSqCe2erCsAINf3RRx/m99y8Wgz1xj+zbmbaUT0Vy1YEYQTb68n2cVz8ucG1eoBv6K2mlPcYAEviZ9pwZZRoLaBKnIgCd8o8inXe+q64ll/uUyWP6ilHIdWrqOE+gtEAPXhm/MltLN+XUKVsM/3wbpyEJVQKgJh6RnJVTp+6vs6zvLkw6OISuJN3U2GNptXvHA697DZBbOeTlBkSliBXghUyKnYsFZE9piytDGFE6i4ay+/LTThUowK5k/7S1631+vdXu/UPkKP/aY5+oPhvQcLolue2m+maT7EbY+nH3ivt3O6QhD6v94HmUuQ1gwl+6iObR/XJeczzZH6Rp53RxaA3BmG4MOV0k3GvTVx2Ed75y3Wr7W8mFJep+5HI7jojfK8q3OX53fhCE7A5kAQ==\n",
            "public_key_pem": "-----BEGIN PUBLIC KEY-----\nMIICIjANBgkqhkiG9w0BAQEFAAOCAg8AMIICCgKCAgEApzKzCCoh5JAN/tU9uvKy\nC4/i00srtv7kZb76O0KB7H1/WERPZT6SXopOojgdncNy2r9xQoD3xLwPGPI0HPbN\n+tPGGE2bKT1QFrZXEzm7zcGSvZmyZXjDYgQcMMFACwLbF4JSaafcPnhbozClling\nsiSvtwXT7jEaCIb/xjgDfvsSXMIBU30MhQZvbdC4/wxgmj5l3dCs29jF3lSVfu3D\nysdwxYxhVRDflbWIjmyCd8dGD0ukufWLftMdwv9fMI11sNcBvedDslsdIqFGt0Tu\nKTEgZkqgntnqwrACDX90Ucf5vfcvFoM9cY/s25m2lE9FctWBGEE2+vJ9nFc/LnBt\nXqAb+itppT3GABL4mfacGWUaC2gSpyIAnfKPIp13vquuJZf7lMlj+opRyHVq6jhP\noLRAD14ZvzJbSzfl1ClbDP98G6chCVUCoCYekZyVU6fur7Os7y5MOjiEriTd1Nhj\nabV7xwOvew2QWznk5QZEpYgV4IVMip2LBWRPaYsrQxhROouGsvvy004VKMCuZP+0\ntet9fr3V7v1D5Cj/2mOfqD4b0HC6Jbntpvpmk+xG2Ppx94r7dzukIQ+r/eB5lLkN\nYMJfuojm0f1yXnM82R+kaed0cWgNwZhuDDldJNxr01cdhHe+ct1q+1vJhSXqfuRy\nO46I3yvKtzl+d34QhOwOZAECAwEAAQ==\n-----END PUBLIC KEY-----\n",
            "rsa_bits": 4096
          },
          "sensitive_attributes": []
        }
      ]
    },
    {
      "module": "module.posgtress_module",
      "mode": "managed",
      "type": "aws_db_instance",
      "name": "dev_db",
      "provider": "provider[\"registry.terraform.io/hashicorp/aws\"]",
      "instances": [
        {
          "schema_version": 1,
          "attributes": {
            "address": "db-ec2-test.czurjojj2myr.us-east-1.rds.amazonaws.com",
            "allocated_storage": 5,
            "allow_major_version_upgrade": null,
            "apply_immediately": true,
            "arn": "arn:aws:rds:us-east-1:546314735933:db:db-ec2-test",
            "auto_minor_version_upgrade": true,
            "availability_zone": "us-east-1d",
            "backup_retention_period": 0,
            "backup_window": "03:00-03:30",
            "blue_green_update": [],
            "ca_cert_identifier": "rds-ca-2019",
            "character_set_name": "",
            "copy_tags_to_snapshot": false,
            "custom_iam_instance_profile": "",
            "customer_owned_ip_enabled": false,
            "db_name": "demo_db",
            "db_subnet_group_name": "default",
            "delete_automated_backups": true,
            "deletion_protection": false,
            "domain": "",
            "domain_iam_role_name": "",
            "enabled_cloudwatch_logs_exports": [],
            "endpoint": "db-ec2-test.czurjojj2myr.us-east-1.rds.amazonaws.com:5432",
            "engine": "postgres",
            "engine_version": "13.7",
            "engine_version_actual": "13.7",
            "final_snapshot_identifier": "dev-db2-sp",
            "hosted_zone_id": "Z2R2ITUGPM61AM",
            "iam_database_authentication_enabled": false,
            "id": "db-ec2-test",
            "identifier": "db-ec2-test",
            "identifier_prefix": "",
            "instance_class": "db.t3.micro",
            "iops": 0,
            "kms_key_id": "",
            "latest_restorable_time": "",
            "license_model": "postgresql-license",
            "maintenance_window": "thu:04:00-thu:04:30",
            "max_allocated_storage": 0,
            "monitoring_interval": 0,
            "monitoring_role_arn": "",
            "multi_az": false,
            "name": "demo_db",
            "nchar_character_set_name": "",
            "network_type": "IPV4",
            "option_group_name": "default:postgres-13",
            "parameter_group_name": "default.postgres13",
            "password": "haripwd123",
            "performance_insights_enabled": false,
            "performance_insights_kms_key_id": "",
            "performance_insights_retention_period": 0,
            "port": 5432,
            "publicly_accessible": true,
            "replica_mode": "",
            "replicas": [],
            "replicate_source_db": "",
            "resource_id": "db-KBDWIOAPRQ5X4YJM7PVGD5HPWE",
            "restore_to_point_in_time": [],
            "s3_import": [],
            "security_group_names": [],
            "skip_final_snapshot": true,
            "snapshot_identifier": null,
            "status": "available",
            "storage_encrypted": false,
            "storage_throughput": 0,
            "storage_type": "gp2",
            "tags": {
              "Name": "test-Database "
            },
            "tags_all": {
              "Name": "test-Database "
            },
            "timeouts": null,
            "timezone": "",
            "username": "dbadmin",
            "vpc_security_group_ids": [
              "sg-06c8c97ed1ec695fa"
            ]
          },
          "sensitive_attributes": [],
          "private": "eyJlMmJmYjczMC1lY2FhLTExZTYtOGY4OC0zNDM2M2JjN2M0YzAiOnsiY3JlYXRlIjoyNDAwMDAwMDAwMDAwLCJkZWxldGUiOjM2MDAwMDAwMDAwMDAsInVwZGF0ZSI6NDgwMDAwMDAwMDAwMH0sInNjaGVtYV92ZXJzaW9uIjoiMSJ9",
          "dependencies": [
            "module.posgtress_module.aws_security_group.dev_rds_security_group"
          ]
        }
      ]
    },
    {
      "module": "module.posgtress_module",
      "mode": "managed",
      "type": "aws_security_group",
      "name": "dev_rds_security_group",
      "provider": "provider[\"registry.terraform.io/hashicorp/aws\"]",
      "instances": [
        {
          "schema_version": 1,
          "attributes": {
            "arn": "arn:aws:ec2:us-east-1:546314735933:security-group/sg-06c8c97ed1ec695fa",
            "description": "dev-ecs-cluster-rds-sg",
            "egress": [
              {
                "cidr_blocks": [
                  "0.0.0.0/0"
                ],
                "description": "",
                "from_port": 0,
                "ipv6_cidr_blocks": [],
                "prefix_list_ids": [],
                "protocol": "-1",
                "security_groups": [],
                "self": false,
                "to_port": 0
              }
            ],
            "id": "sg-06c8c97ed1ec695fa",
            "ingress": [
              {
                "cidr_blocks": [
                  "108.247.90.198/32",
                  "172.31.0.0/16",
                  "172.31.48.0/20"
                ],
                "description": "",
                "from_port": 5432,
                "ipv6_cidr_blocks": [],
                "prefix_list_ids": [],
                "protocol": "tcp",
                "security_groups": [],
                "self": false,
                "to_port": 5432
              }
            ],
            "name": "dev-ecs-cluster-rds-sg",
            "name_prefix": "",
            "owner_id": "546314735933",
            "revoke_rules_on_delete": false,
            "tags": {
              "Name": "dev-ecs-cluster-ec2-sg"
            },
            "tags_all": {
              "Name": "dev-ecs-cluster-ec2-sg"
            },
            "timeouts": null,
            "vpc_id": "vpc-088f2b66916273a8d"
          },
          "sensitive_attributes": [],
          "private": "eyJlMmJmYjczMC1lY2FhLTExZTYtOGY4OC0zNDM2M2JjN2M0YzAiOnsiY3JlYXRlIjo2MDAwMDAwMDAwMDAsImRlbGV0ZSI6OTAwMDAwMDAwMDAwfSwic2NoZW1hX3ZlcnNpb24iOiIxIn0="
        }
      ]
    }
  ],
  "check_results": null
}
